
Microsoft Visual Studio Solution File, Format Version 12.00
# Visual Studio 14
VisualStudioVersion = 14.0.25420.1
MinimumVisualStudioVersion = 10.0.40219.1
Project("{FAE04EC0-301F-11D3-BF4B-00C04F79EFBC}") = "XScript", "XScript\XScript.csproj", "{FB8580E8-B500-4BAF-99BE-43ADF7ABDE2F}"
EndProject
Project("{FAE04EC0-301F-11D3-BF4B-00C04F79EFBC}") = "NewLife.Build", "NewLife.Build\NewLife.Build.csproj", "{98E8E88C-FCF1-46AA-9388-FF3BF4422B20}"
EndProject
Project("{FAE04EC0-301F-11D3-BF4B-00C04F79EFBC}") = "Test", "Test\Test.csproj", "{39747DAD-8C8D-4803-B1F4-229C618DBD78}"
EndProject
Global
	GlobalSection(SolutionConfigurationPlatforms) = preSolution
		Debug|Any CPU = Debug|Any CPU
		Release|Any CPU = Release|Any CPU
	EndGlobalSection
	GlobalSection(ProjectConfigurationPlatforms) = postSolution
		{FB8580E8-B500-4BAF-99BE-43ADF7ABDE2F}.Debug|Any CPU.ActiveCfg = Debug|Any CPU
		{FB8580E8-B500-4BAF-99BE-43ADF7ABDE2F}.Debug|Any CPU.Build.0 = Debug|Any CPU
		{FB8580E8-B500-4BAF-99BE-43ADF7ABDE2F}.Release|Any CPU.ActiveCfg = Release|Any CPU
		{FB8580E8-B500-4BAF-99BE-43ADF7ABDE2F}.Release|Any CPU.Build.0 = Release|Any CPU
		{98E8E88C-FCF1-46AA-9388-FF3BF4422B20}.Debug|Any CPU.ActiveCfg = Debug|Any CPU
		{98E8E88C-FCF1-46AA-9388-FF3BF4422B20}.Debug|Any CPU.Build.0 = Debug|Any CPU
		{98E8E88C-FCF1-46AA-9388-FF3BF4422B20}.Release|Any CPU.ActiveCfg = Release|Any CPU
		{98E8E88C-FCF1-46AA-9388-FF3BF4422B20}.Release|Any CPU.Build.0 = Release|Any CPU
		{39747DAD-8C8D-4803-B1F4-229C618DBD78}.Debug|Any CPU.ActiveCfg = Debug|Any CPU
		{39747DAD-8C8D-4803-B1F4-229C618DBD78}.Debug|Any CPU.Build.0 = Debug|Any CPU
		{39747DAD-8C8D-4803-B1F4-229C618DBD78}.Release|Any CPU.ActiveCfg = Release|Any CPU
		{39747DAD-8C8D-4803-B1F4-229C618DBD78}.Release|Any CPU.Build.0 = Release|Any CPU
	EndGlobalSection
	GlobalSection(SolutionProperties) = preSolution
		HideSolutionNode = FALSE
	EndGlobalSection
EndGlobal
